
Microsoft Visual Studio Solution File, Format Version 12.00
# Visual Studio Version 17
VisualStudioVersion = 17.11.35312.102
MinimumVisualStudioVersion = 10.0.40219.1
Project("{9A19103F-16F7-4668-BE54-9A1E7A4F7556}") = "DistributedDatabase.API", "DistributedDatabase .API\DistributedDatabase.API.csproj", "{BA4381B1-C891-4FAA-A291-B3AE6694ECB2}"
EndProject
Project("{9A19103F-16F7-4668-BE54-9A1E7A4F7556}") = "DistributedDatabase.DAL", "DistributedDatabase.DAL\DistributedDatabase.DAL.csproj", "{BD38FA04-3762-48C1-A78B-483983C99CB8}"
EndProject
Global
	GlobalSection(SolutionConfigurationPlatforms) = preSolution
		Debug|Any CPU = Debug|Any CPU
		Release|Any CPU = Release|Any CPU
	EndGlobalSection
	GlobalSection(ProjectConfigurationPlatforms) = postSolution
		{BA4381B1-C891-4FAA-A291-B3AE6694ECB2}.Debug|Any CPU.ActiveCfg = Debug|Any CPU
		{BA4381B1-C891-4FAA-A291-B3AE6694ECB2}.Debug|Any CPU.Build.0 = Debug|Any CPU
		{BA4381B1-C891-4FAA-A291-B3AE6694ECB2}.Release|Any CPU.ActiveCfg = Release|Any CPU
		{BA4381B1-C891-4FAA-A291-B3AE6694ECB2}.Release|Any CPU.Build.0 = Release|Any CPU
		{BD38FA04-3762-48C1-A78B-483983C99CB8}.Debug|Any CPU.ActiveCfg = Debug|Any CPU
		{BD38FA04-3762-48C1-A78B-483983C99CB8}.Debug|Any CPU.Build.0 = Debug|Any CPU
		{BD38FA04-3762-48C1-A78B-483983C99CB8}.Release|Any CPU.ActiveCfg = Release|Any CPU
		{BD38FA04-3762-48C1-A78B-483983C99CB8}.Release|Any CPU.Build.0 = Release|Any CPU
	EndGlobalSection
	GlobalSection(SolutionProperties) = preSolution
		HideSolutionNode = FALSE
	EndGlobalSection
	GlobalSection(ExtensibilityGlobals) = postSolution
		SolutionGuid = {1A84CC8D-8DE6-4232-A142-ABE2ABE43A4D}
	EndGlobalSection
EndGlobal
